
Microsoft Visual Studio Solution File, Format Version 12.00
# Visual Studio 15
VisualStudioVersion = 15.0.27004.2002
MinimumVisualStudioVersion = 10.0.40219.1
Project("{9A19103F-16F7-4668-BE54-9A1E7A4F7556}") = "Appy.Parsing", "Appy.Parsing\Appy.Parsing.csproj", "{65291E12-5AE8-4AC6-A28F-F84D0C182B62}"
EndProject
Project("{FAE04EC0-301F-11D3-BF4B-00C04F79EFBC}") = "Appy.Parsing.Tests", "Appy.Parsing.Tests\Appy.Parsing.Tests.csproj", "{D536A6AE-BF06-4BD8-860F-0E4A3AD73004}"
EndProject
Project("{2150E333-8FDC-42A3-9474-1A3956D46DE8}") = "build", "build", "{FB7DCD2D-E9C1-4773-8B80-BEFF8883A09B}"
	ProjectSection(SolutionItems) = preProject
		appveyor.yml = appveyor.yml
		build.bat = build.bat
		config.yml = config.yml
		Functions.ps1 = Functions.ps1
		tasks.ps1 = tasks.ps1
	EndProjectSection
EndProject
Project("{2150E333-8FDC-42A3-9474-1A3956D46DE8}") = "docs", "docs", "{52E7C92C-0255-4A56-B52E-D45D1262FAE6}"
	ProjectSection(SolutionItems) = preProject
		CODE_OF_CONDUCT.md = CODE_OF_CONDUCT.md
		LICENSE = LICENSE
		README.md = README.md
	EndProjectSection
EndProject
Global
	GlobalSection(SolutionConfigurationPlatforms) = preSolution
		Debug|Any CPU = Debug|Any CPU
		Release|Any CPU = Release|Any CPU
	EndGlobalSection
	GlobalSection(ProjectConfigurationPlatforms) = postSolution
		{65291E12-5AE8-4AC6-A28F-F84D0C182B62}.Debug|Any CPU.ActiveCfg = Debug|Any CPU
		{65291E12-5AE8-4AC6-A28F-F84D0C182B62}.Debug|Any CPU.Build.0 = Debug|Any CPU
		{65291E12-5AE8-4AC6-A28F-F84D0C182B62}.Release|Any CPU.ActiveCfg = Release|Any CPU
		{65291E12-5AE8-4AC6-A28F-F84D0C182B62}.Release|Any CPU.Build.0 = Release|Any CPU
		{D536A6AE-BF06-4BD8-860F-0E4A3AD73004}.Debug|Any CPU.ActiveCfg = Debug|Any CPU
		{D536A6AE-BF06-4BD8-860F-0E4A3AD73004}.Debug|Any CPU.Build.0 = Debug|Any CPU
		{D536A6AE-BF06-4BD8-860F-0E4A3AD73004}.Release|Any CPU.ActiveCfg = Release|Any CPU
		{D536A6AE-BF06-4BD8-860F-0E4A3AD73004}.Release|Any CPU.Build.0 = Release|Any CPU
	EndGlobalSection
	GlobalSection(SolutionProperties) = preSolution
		HideSolutionNode = FALSE
	EndGlobalSection
	GlobalSection(ExtensibilityGlobals) = postSolution
		SolutionGuid = {4CA5C51B-B78E-4847-80FD-01A8A26EBAC7}
	EndGlobalSection
EndGlobal
